
Microsoft Visual Studio Solution File, Format Version 12.00
# Visual Studio Version 17
Project("{2150E333-8FDC-42A3-9474-1A3956D46DE8}") = "CMakePredefinedTargets", "CMakePredefinedTargets", "{0892D36E-9860-39A2-87AF-353212879948}"
EndProject
Project("{8BC9CEB8-8B4A-11D0-8D11-00A0C91BC942}") = "Tutorial1", "Tutorial1\Tutorial1.vcxproj", "{33A90F48-4C52-3978-942B-051B4D3421EF}"
	ProjectSection(ProjectDependencies) = postProject
		{8F6FAF48-4915-3660-8170-0CF2063EEAC7} = {8F6FAF48-4915-3660-8170-0CF2063EEAC7}
	EndProjectSection
EndProject
Project("{8BC9CEB8-8B4A-11D0-8D11-00A0C91BC942}") = "ALL_BUILD", "ALL_BUILD.vcxproj", "{2DEEC57D-FE3A-312B-AF06-3F12093353BA}"
	ProjectSection(ProjectDependencies) = postProject
		{33A90F48-4C52-3978-942B-051B4D3421EF} = {33A90F48-4C52-3978-942B-051B4D3421EF}
		{8F6FAF48-4915-3660-8170-0CF2063EEAC7} = {8F6FAF48-4915-3660-8170-0CF2063EEAC7}
	EndProjectSection
EndProject
Project("{8BC9CEB8-8B4A-11D0-8D11-00A0C91BC942}") = "ZERO_CHECK", "ZERO_CHECK.vcxproj", "{8F6FAF48-4915-3660-8170-0CF2063EEAC7}"
	ProjectSection(ProjectDependencies) = postProject
	EndProjectSection
EndProject
Global
	GlobalSection(SolutionConfigurationPlatforms) = preSolution
		Debug|x64 = Debug|x64
		Release|x64 = Release|x64
		MinSizeRel|x64 = MinSizeRel|x64
		RelWithDebInfo|x64 = RelWithDebInfo|x64
	EndGlobalSection
	GlobalSection(ProjectConfigurationPlatforms) = postSolution
		{33A90F48-4C52-3978-942B-051B4D3421EF}.Debug|x64.ActiveCfg = Debug|x64
		{33A90F48-4C52-3978-942B-051B4D3421EF}.Debug|x64.Build.0 = Debug|x64
		{33A90F48-4C52-3978-942B-051B4D3421EF}.Release|x64.ActiveCfg = Release|x64
		{33A90F48-4C52-3978-942B-051B4D3421EF}.Release|x64.Build.0 = Release|x64
		{33A90F48-4C52-3978-942B-051B4D3421EF}.MinSizeRel|x64.ActiveCfg = MinSizeRel|x64
		{33A90F48-4C52-3978-942B-051B4D3421EF}.MinSizeRel|x64.Build.0 = MinSizeRel|x64
		{33A90F48-4C52-3978-942B-051B4D3421EF}.RelWithDebInfo|x64.ActiveCfg = RelWithDebInfo|x64
		{33A90F48-4C52-3978-942B-051B4D3421EF}.RelWithDebInfo|x64.Build.0 = RelWithDebInfo|x64
		{2DEEC57D-FE3A-312B-AF06-3F12093353BA}.Debug|x64.ActiveCfg = Debug|x64
		{2DEEC57D-FE3A-312B-AF06-3F12093353BA}.Release|x64.ActiveCfg = Release|x64
		{2DEEC57D-FE3A-312B-AF06-3F12093353BA}.MinSizeRel|x64.ActiveCfg = MinSizeRel|x64
		{2DEEC57D-FE3A-312B-AF06-3F12093353BA}.RelWithDebInfo|x64.ActiveCfg = RelWithDebInfo|x64
		{8F6FAF48-4915-3660-8170-0CF2063EEAC7}.Debug|x64.ActiveCfg = Debug|x64
		{8F6FAF48-4915-3660-8170-0CF2063EEAC7}.Debug|x64.Build.0 = Debug|x64
		{8F6FAF48-4915-3660-8170-0CF2063EEAC7}.Release|x64.ActiveCfg = Release|x64
		{8F6FAF48-4915-3660-8170-0CF2063EEAC7}.Release|x64.Build.0 = Release|x64
		{8F6FAF48-4915-3660-8170-0CF2063EEAC7}.MinSizeRel|x64.ActiveCfg = MinSizeRel|x64
		{8F6FAF48-4915-3660-8170-0CF2063EEAC7}.MinSizeRel|x64.Build.0 = MinSizeRel|x64
		{8F6FAF48-4915-3660-8170-0CF2063EEAC7}.RelWithDebInfo|x64.ActiveCfg = RelWithDebInfo|x64
		{8F6FAF48-4915-3660-8170-0CF2063EEAC7}.RelWithDebInfo|x64.Build.0 = RelWithDebInfo|x64
	EndGlobalSection
	GlobalSection(NestedProjects) = preSolution
		{2DEEC57D-FE3A-312B-AF06-3F12093353BA} = {0892D36E-9860-39A2-87AF-353212879948}
		{8F6FAF48-4915-3660-8170-0CF2063EEAC7} = {0892D36E-9860-39A2-87AF-353212879948}
	EndGlobalSection
	GlobalSection(ExtensibilityGlobals) = postSolution
		SolutionGuid = {F11E3758-CF3A-3FD1-83FD-A778C689EB05}
	EndGlobalSection
	GlobalSection(ExtensibilityAddIns) = postSolution
	EndGlobalSection
EndGlobal
